PODS:
  - agora_rtc_engine (6.0.0):
    - AgoraIrisRTC_iOS (= 4.0.0-rc.2)
    - AgoraRtcEngine_Special_iOS (= 4.0.0.5)
    - Flutter
  - AgoraIrisEventFlutter_iOS (1.4.0)
  - AgoraIrisRTC_iOS (4.0.0-rc.2)
  - AgoraRtcEngine_Special_iOS (4.0.0.5)
  - Flutter (1.0.0)
  - FMDB (2.7.5):
    - FMDB/standard (= 2.7.5)
  - FMDB/standard (2.7.5)
  - image_picker (0.0.1):
    - Flutter
  - iris_event (0.0.1):
    - AgoraIrisEventFlutter_iOS (= 1.4.0)
    - Flutter
  - OpenCV2 (4.3.0)
  - opencv_4 (0.0.1):
    - Flutter
    - OpenCV2 (= 4.3.0)
  - path_provider_ios (0.0.1):
    - Flutter
  - permission_handler_apple (9.0.4):
    - Flutter
  - processing_camera_image (0.0.1):
    - Flutter
  - sqflite (0.0.2):
    - Flutter
    - FMDB (>= 2.7.5)

DEPENDENCIES:
  - agora_rtc_engine (from `.symlinks/plugins/agora_rtc_engine/ios`)
  - Flutter (from `Flutter`)
  - image_picker (from `.symlinks/plugins/image_picker/ios`)
  - iris_event (from `.symlinks/plugins/iris_event/ios`)
  - opencv_4 (from `.symlinks/plugins/opencv_4/ios`)
  - path_provider_ios (from `.symlinks/plugins/path_provider_ios/ios`)
  - permission_handler_apple (from `.symlinks/plugins/permission_handler_apple/ios`)
  - processing_camera_image (from `.symlinks/plugins/processing_camera_image/ios`)
  - sqflite (from `.symlinks/plugins/sqflite/ios`)

SPEC REPOS:
  trunk:
    - AgoraIrisEventFlutter_iOS
    - AgoraIrisRTC_iOS
    - AgoraRtcEngine_Special_iOS
    - FMDB
    - OpenCV2

EXTERNAL SOURCES:
  agora_rtc_engine:
    :path: ".symlinks/plugins/agora_rtc_engine/ios"
  Flutter:
    :path: Flutter
  image_picker:
    :path: ".symlinks/plugins/image_picker/ios"
  iris_event:
    :path: ".symlinks/plugins/iris_event/ios"
  opencv_4:
    :path: ".symlinks/plugins/opencv_4/ios"
  path_provider_ios:
    :path: ".symlinks/plugins/path_provider_ios/ios"
  permission_handler_apple:
    :path: ".symlinks/plugins/permission_handler_apple/ios"
  processing_camera_image:
    :path: ".symlinks/plugins/processing_camera_image/ios"
  sqflite:
    :path: ".symlinks/plugins/sqflite/ios"

SPEC CHECKSUMS:
  agora_rtc_engine: 732f1a488865cff9094bb29fe15f6889ba0d49ea
  AgoraIrisEventFlutter_iOS: a5ade1ea532633e8c26496f3eee87a3810ac92b0
  AgoraIrisRTC_iOS: 2e0dc9de177fc33c2071804c1fea67dbf25715ba
  AgoraRtcEngine_Special_iOS: bbbcbc64de68a7bdfc8fa46b4e945dcfbed0e408
  Flutter: f04841e97a9d0b0a8025694d0796dd46242b2854
  FMDB: 2ce00b547f966261cd18927a3ddb07cb6f3db82a
  image_picker: 50e7c7ff960e5f58faa4d1f4af84a771c671bc4a
  iris_event: bc3ca64765be2fca08816b7231beee12e344a2b9
  OpenCV2: ffe82e5cb5d16dc3fc01a5f4127b9a5b3cfc7d1b
  opencv_4: 0da310f635aa2f506bcb30b3e85365a74e55ab18
  path_provider_ios: 14f3d2fd28c4fdb42f44e0f751d12861c43cee02
  permission_handler_apple: 44366e37eaf29454a1e7b1b7d736c2cceaeb17ce
  processing_camera_image: 095bec249ab49bcd51493397d8f1d5f954172a8e
  sqflite: 6d358c025f5b867b29ed92fc697fd34924e11904

PODFILE CHECKSUM: 2c542bbb4ce7634bcd30fecfc0d0bd2ac92af1a1

COCOAPODS: 1.11.3
